<Solution>
  <Folder Name="/Build/">
    <File Path="../.github/workflows/nuget-publish.yml" />
    <File Path="../CHANGELOG.md" />
    <File Path="../Directory.Build.props" />
    <File Path="../global.json" />
    <File Path="../README.md" />
    <File Path=".editorconfig" />
    <File Path="Directory.Build.props" />
    <File Path="nuget.config" />
  </Folder>
  <Folder Name="/Tests/">
    <File Path="Tests/.editorconfig" />
    <File Path="Tests/Directory.Build.props" />
    <Project Path="Tests/Polyfill.NUnit.UnitTests/Polyfill.NUnit.UnitTests.csproj" />
  </Folder>
  <Project Path="Polyfill.NUnit/Polyfill.NUnit.csproj" />
</Solution>
